
Microsoft Visual Studio Solution File, Format Version 12.00
# Visual Studio Version 16
VisualStudioVersion = 16.0.33027.164
MinimumVisualStudioVersion = 10.0.40219.1
Project("{FAE04EC0-301F-11D3-BF4B-00C04F79EFBC}") = "WebApplication13X", "WebApplication13X.csproj", "{50657F84-02F1-417A-A9A1-F69837D458DC}"
EndProject
Global
	GlobalSection(SolutionConfigurationPlatforms) = preSolution
		Debug|Any CPU = Debug|Any CPU
		Release|Any CPU = Release|Any CPU
	EndGlobalSection
	GlobalSection(ProjectConfigurationPlatforms) = postSolution
		{50657F84-02F1-417A-A9A1-F69837D458DC}.Debug|Any CPU.ActiveCfg = Debug|Any CPU
		{50657F84-02F1-417A-A9A1-F69837D458DC}.Debug|Any CPU.Build.0 = Debug|Any CPU
		{50657F84-02F1-417A-A9A1-F69837D458DC}.Release|Any CPU.ActiveCfg = Release|Any CPU
		{50657F84-02F1-417A-A9A1-F69837D458DC}.Release|Any CPU.Build.0 = Release|Any CPU
	EndGlobalSection
	GlobalSection(SolutionProperties) = preSolution
		HideSolutionNode = FALSE
	EndGlobalSection
	GlobalSection(ExtensibilityGlobals) = postSolution
		SolutionGuid = {18E04E8E-BA75-4779-88C4-A272390C014C}
	EndGlobalSection
EndGlobal
